
Microsoft Visual Studio Solution File, Format Version 12.00
# Visual Studio Version 17
VisualStudioVersion = 17.0.31903.59
MinimumVisualStudioVersion = 10.0.40219.1
Project("{FAE04EC0-301F-11D3-BF4B-00C04F79EFBC}") = "ModStation.Core", "ModStation.Core\ModStation.Core.csproj", "{395277A1-ED4C-4BAC-83A1-37ABA4E8EFF7}"
EndProject
Project("{FAE04EC0-301F-11D3-BF4B-00C04F79EFBC}") = "ModStation.Terminal", "ModStation.Terminal\ModStation.Terminal.csproj", "{6E357C02-E805-4902-9DC3-5827F3CCF0F8}"
EndProject
Global
	GlobalSection(SolutionConfigurationPlatforms) = preSolution
		Debug|Any CPU = Debug|Any CPU
		Release|Any CPU = Release|Any CPU
	EndGlobalSection
	GlobalSection(ProjectConfigurationPlatforms) = postSolution
		{395277A1-ED4C-4BAC-83A1-37ABA4E8EFF7}.Debug|Any CPU.ActiveCfg = Debug|Any CPU
		{395277A1-ED4C-4BAC-83A1-37ABA4E8EFF7}.Debug|Any CPU.Build.0 = Debug|Any CPU
		{395277A1-ED4C-4BAC-83A1-37ABA4E8EFF7}.Release|Any CPU.ActiveCfg = Release|Any CPU
		{395277A1-ED4C-4BAC-83A1-37ABA4E8EFF7}.Release|Any CPU.Build.0 = Release|Any CPU
		{6E357C02-E805-4902-9DC3-5827F3CCF0F8}.Debug|Any CPU.ActiveCfg = Debug|Any CPU
		{6E357C02-E805-4902-9DC3-5827F3CCF0F8}.Debug|Any CPU.Build.0 = Debug|Any CPU
		{6E357C02-E805-4902-9DC3-5827F3CCF0F8}.Release|Any CPU.ActiveCfg = Release|Any CPU
		{6E357C02-E805-4902-9DC3-5827F3CCF0F8}.Release|Any CPU.Build.0 = Release|Any CPU
	EndGlobalSection
	GlobalSection(SolutionProperties) = preSolution
		HideSolutionNode = FALSE
	EndGlobalSection
EndGlobal
